
Microsoft Visual Studio Solution File, Format Version 12.00
# Visual Studio Version 17
VisualStudioVersion = 17.7.34031.279
MinimumVisualStudioVersion = 10.0.40219.1
Project("{FAE04EC0-301F-11D3-BF4B-00C04F79EFBC}") = "Impartirea-a-doua-numere", "Impartirea-a-doua-numere.csproj", "{9D042A32-0687-4CFB-8A33-F4A4ACF77C2B}"
EndProject
Global
	GlobalSection(SolutionConfigurationPlatforms) = preSolution
		Debug|Any CPU = Debug|Any CPU
		Release|Any CPU = Release|Any CPU
	EndGlobalSection
	GlobalSection(ProjectConfigurationPlatforms) = postSolution
		{9D042A32-0687-4CFB-8A33-F4A4ACF77C2B}.Debug|Any CPU.ActiveCfg = Debug|Any CPU
		{9D042A32-0687-4CFB-8A33-F4A4ACF77C2B}.Debug|Any CPU.Build.0 = Debug|Any CPU
		{9D042A32-0687-4CFB-8A33-F4A4ACF77C2B}.Release|Any CPU.ActiveCfg = Release|Any CPU
		{9D042A32-0687-4CFB-8A33-F4A4ACF77C2B}.Release|Any CPU.Build.0 = Release|Any CPU
	EndGlobalSection
	GlobalSection(SolutionProperties) = preSolution
		HideSolutionNode = FALSE
	EndGlobalSection
	GlobalSection(ExtensibilityGlobals) = postSolution
		SolutionGuid = {124CB904-3F4A-44B2-BB0A-40067893E7D8}
	EndGlobalSection
EndGlobal
